{
  "name": "drdsh",
  "version": "1.0.0",
  "lockfileVersion": 3,
  "requires": true,
  "packages": {
    "": {
      "name": "drdsh",
      "version": "1.0.0",
      "license": "ISC",
      "dependencies": {
        "@statsig/js-on-device-eval-client": "^3.21.1"
      }
    },
    "node_modules/@statsig/client-core": {
      "version": "3.21.1",
      "resolved": "https://registry.npmjs.org/@statsig/client-core/-/client-core-3.21.1.tgz",
      "integrity": "sha512-687cE8CuZ/jkDqpRynrPoDutE76McT58+igEaL+0CFHp9V5gNCRRUYMeclh+xdcUapKgMJIHBATyyPHoXsqpaw==",
      "license": "ISC"
    },
    "node_modules/@statsig/js-on-device-eval-client": {
      "version": "3.21.1",
      "resolved": "https://registry.npmjs.org/@statsig/js-on-device-eval-client/-/js-on-device-eval-client-3.21.1.tgz",
      "integrity": "sha512-q7/D8MpaiqEU/sOYH/Ag/jUxQIV7MZeRG83ssbLGJAcJeqJ3lfMDSBetPVU6C0avMi6wcmeoRRz12/dMfZGiFQ==",
      "license": "ISC",
      "dependencies": {
        "@statsig/client-core": "3.21.1",
        "@statsig/on-device-eval-core": "3.21.1"
      }
    },
    "node_modules/@statsig/on-device-eval-core": {
      "version": "3.21.1",
      "resolved": "https://registry.npmjs.org/@statsig/on-device-eval-core/-/on-device-eval-core-3.21.1.tgz",
      "integrity": "sha512-ZLFn9Nnyue3pxwemp83ttUMRwsec6S9pFfLUoiprIwrO3Ra53EbKLLMf9oeQazBp+TDoLCQKqOdm47AKp4uyiQ==",
      "license": "ISC",
      "dependencies": {
        "@statsig/client-core": "3.21.1",
        "@statsig/sha256": "3.21.1"
      }
    },
    "node_modules/@statsig/sha256": {
      "version": "3.21.1",
      "resolved": "https://registry.npmjs.org/@statsig/sha256/-/sha256-3.21.1.tgz",
      "integrity": "sha512-vMalZOGKk74/VSMfKfy3uutTYbw5g2BWscKKU2xLVvUynr63udC+5r4KPmSvm3sczeK9GGMsonjiGriYBLORXQ==",
      "license": "ISC"
    }
  }
}
